{
  "nodes": {
    "ags": {
      "inputs": {
        "astal": "astal",
        "gnim": "gnim",
        "nixpkgs": "nixpkgs"
      },
      "locked": {
        "lastModified": 1753974398,
        "narHash": "sha256-BcqTJiLyP2OYhZB4UI3+Vn43x5ZfGxUJcyO6k1NzLew=",
        "owner": "aylur",
        "repo": "ags",
        "rev": "4b208a05dfdfc549f736f8b61df43ea8b734787a",
        "type": "github"
      },
      "original": {
        "owner": "aylur",
        "repo": "ags",
        "type": "github"
      }
    },
    "astal": {
      "inputs": {
        "nixpkgs": [
          "ags",
          "nixpkgs"
        ]
      },
      "locked": {
        "lastModified": 1752404970,
        "narHash": "sha256-XULTToDUkIshNXEO+YP2mAHdQv8bxWDvKjbamBfOC8E=",
        "owner": "aylur",
        "repo": "astal",
        "rev": "2c5eb54f39e1710c6e2c80915a240978beb3269a",
        "type": "github"
      },
      "original": {
        "owner": "aylur",
        "repo": "astal",
        "type": "github"
      }
    },
    "eglot-booster": {
      "flake": false,
      "locked": {
        "lastModified": 1752690112,
        "narHash": "sha256-xUBQrQpw+JZxcqT1fy/8C2tjKwa7sLFHXamBm45Fa4Y=",
        "owner": "jdtsmith",
        "repo": "eglot-booster",
        "rev": "cab7803c4f0adc7fff9da6680f90110674bb7a22",
        "type": "github"
      },
      "original": {
        "owner": "jdtsmith",
        "repo": "eglot-booster",
        "type": "github"
      }
    },
    "emacs-overlay": {
      "inputs": {
        "nixpkgs": "nixpkgs_2",
        "nixpkgs-stable": "nixpkgs-stable"
      },
      "locked": {
        "lastModified": 1754212123,
        "narHash": "sha256-qldLworcf3ssORKj0mwnPO+QaFocJO8OYvGSHG6U9Wg=",
        "owner": "nix-community",
        "repo": "emacs-overlay",
        "rev": "2ef1f8b3080bb8753bcfca3733cc4b7219261dcd",
        "type": "github"
      },
      "original": {
        "owner": "nix-community",
        "ref": "master",
        "repo": "emacs-overlay",
        "type": "github"
      }
    },
    "flake-compat": {
      "flake": false,
      "locked": {
        "lastModified": 1747046372,
        "narHash": "sha256-CIVLLkVgvHYbgI2UpXvIIBJ12HWgX+fjA8Xf8PUmqCY=",
        "owner": "edolstra",
        "repo": "flake-compat",
        "rev": "9100a0f413b0c601e0533d1d94ffd501ce2e7885",
        "type": "github"
      },
      "original": {
        "owner": "edolstra",
        "repo": "flake-compat",
        "type": "github"
      }
    },
    "flake-parts": {
      "inputs": {
        "nixpkgs-lib": [
          "nur",
          "nixpkgs"
        ]
      },
      "locked": {
        "lastModified": 1733312601,
        "narHash": "sha256-4pDvzqnegAfRkPwO3wmwBhVi/Sye1mzps0zHWYnP88c=",
        "owner": "hercules-ci",
        "repo": "flake-parts",
        "rev": "205b12d8b7cd4802fbcb8e8ef6a0f1408781a4f9",
        "type": "github"
      },
      "original": {
        "owner": "hercules-ci",
        "repo": "flake-parts",
        "type": "github"
      }
    },
    "gnim": {
      "flake": false,
      "locked": {
        "lastModified": 1753090800,
        "narHash": "sha256-6sS6KHong2cMGn+6xJwjiizZzwu2XUmp++DtiKZhFMU=",
        "owner": "aylur",
        "repo": "gnim",
        "rev": "2f58f8444c4cb8fefeab7a9901a33e99cfa92457",
        "type": "github"
      },
      "original": {
        "owner": "aylur",
        "repo": "gnim",
        "type": "github"
      }
    },
    "home-manager": {
      "inputs": {
        "nixpkgs": [
          "nixpkgs"
        ]
      },
      "locked": {
        "lastModified": 1754225444,
        "narHash": "sha256-mv01SQtqlhBMavc1dgNjgqJw4WfZxy+w3xBgwJU3YmU=",
        "owner": "nix-community",
        "repo": "home-manager",
        "rev": "0de18bd5c6681280d7ae017fa34ffd91bdcf0557",
        "type": "github"
      },
      "original": {
        "owner": "nix-community",
        "ref": "master",
        "repo": "home-manager",
        "type": "github"
      }
    },
    "kbd-mode": {
      "flake": false,
      "locked": {
        "lastModified": 1740232893,
        "narHash": "sha256-j6xTUpNhPWFuZB8o9FriEyV+R9+NUozRqeWf7wAR+Nc=",
        "owner": "kmonad",
        "repo": "kbd-mode",
        "rev": "f8951b2efc5c29954b0105a9e57e973515125b0d",
        "type": "github"
      },
      "original": {
        "owner": "kmonad",
        "repo": "kbd-mode",
        "type": "github"
      }
    },
    "modelcontextprotocol-servers": {
      "flake": false,
      "locked": {
        "lastModified": 1754189126,
        "narHash": "sha256-MGH/EcknWtU0OlXBFe9/Y04gScOJkgHllP5GZcFmLBs=",
        "owner": "modelcontextprotocol",
        "repo": "servers",
        "rev": "4b6ce397924982a93f8af25390b1e7d45073b282",
        "type": "github"
      },
      "original": {
        "owner": "modelcontextprotocol",
        "repo": "servers",
        "type": "github"
      }
    },
    "nixos-wsl": {
      "inputs": {
        "flake-compat": "flake-compat",
        "nixpkgs": [
          "nixpkgs"
        ]
      },
      "locked": {
        "lastModified": 1753704990,
        "narHash": "sha256-5E14xuNWy2Un1nFR55k68hgbnD8U2x/rE5DXJtYKusw=",
        "owner": "nix-community",
        "repo": "NixOS-WSL",
        "rev": "58c814cc6d4a789191f9c12e18277107144b0c91",
        "type": "github"
      },
      "original": {
        "owner": "nix-community",
        "repo": "NixOS-WSL",
        "type": "github"
      }
    },
    "nixpkgs": {
      "locked": {
        "lastModified": 1753694789,
        "narHash": "sha256-cKgvtz6fKuK1Xr5LQW/zOUiAC0oSQoA9nOISB0pJZqM=",
        "owner": "nixos",
        "repo": "nixpkgs",
        "rev": "dc9637876d0dcc8c9e5e22986b857632effeb727",
        "type": "github"
      },
      "original": {
        "owner": "nixos",
        "ref": "nixos-unstable",
        "repo": "nixpkgs",
        "type": "github"
      }
    },
    "nixpkgs-stable": {
      "locked": {
        "lastModified": 1751274312,
        "narHash": "sha256-/bVBlRpECLVzjV19t5KMdMFWSwKLtb5RyXdjz3LJT+g=",
        "owner": "NixOS",
        "repo": "nixpkgs",
        "rev": "50ab793786d9de88ee30ec4e4c24fb4236fc2674",
        "type": "github"
      },
      "original": {
        "owner": "NixOS",
        "ref": "nixos-24.11",
        "repo": "nixpkgs",
        "type": "github"
      }
    },
    "nixpkgs_2": {
      "locked": {
        "lastModified": 1753939845,
        "narHash": "sha256-K2ViRJfdVGE8tpJejs8Qpvvejks1+A4GQej/lBk5y7I=",
        "owner": "NixOS",
        "repo": "nixpkgs",
        "rev": "94def634a20494ee057c76998843c015909d6311",
        "type": "github"
      },
      "original": {
        "owner": "NixOS",
        "ref": "nixos-unstable",
        "repo": "nixpkgs",
        "type": "github"
      }
    },
    "nixpkgs_3": {
      "locked": {
        "lastModified": 1754151594,
        "narHash": "sha256-S30TWshtDmNlU30u842RidFUraKj1f2dd4nrKRHm3gE=",
        "owner": "NixOS",
        "repo": "nixpkgs",
        "rev": "7b6929d8b900de3142638310f8bc40cff4f2c507",
        "type": "github"
      },
      "original": {
        "id": "nixpkgs",
        "ref": "nixpkgs-unstable",
        "type": "indirect"
      }
    },
    "nixpkgs_4": {
      "locked": {
        "lastModified": 1753939845,
        "narHash": "sha256-K2ViRJfdVGE8tpJejs8Qpvvejks1+A4GQej/lBk5y7I=",
        "owner": "nixos",
        "repo": "nixpkgs",
        "rev": "94def634a20494ee057c76998843c015909d6311",
        "type": "github"
      },
      "original": {
        "owner": "nixos",
        "ref": "nixos-unstable",
        "repo": "nixpkgs",
        "type": "github"
      }
    },
    "nur": {
      "inputs": {
        "flake-parts": "flake-parts",
        "nixpkgs": "nixpkgs_4"
      },
      "locked": {
        "lastModified": 1754216796,
        "narHash": "sha256-0z8aIyDLAaROoWzFYRUNu4FrCLo+wDWqFZqswV4HTdg=",
        "owner": "nix-community",
        "repo": "NUR",
        "rev": "7245e4a766b4d0145f6f6e39bdcf04ee1e448a44",
        "type": "github"
      },
      "original": {
        "owner": "nix-community",
        "repo": "NUR",
        "type": "github"
      }
    },
    "org-menu": {
      "flake": false,
      "locked": {
        "lastModified": 1740501733,
        "narHash": "sha256-iU/a7Z71oRD/Dj2TJ07V+VC6CRpYlNJZu0nJ0wdq7Wg=",
        "owner": "sheijk",
        "repo": "org-menu",
        "rev": "aa3b9b1612023d215084a13e106949c32365525e",
        "type": "github"
      },
      "original": {
        "owner": "sheijk",
        "repo": "org-menu",
        "type": "github"
      }
    },
    "qutebrowser-src": {
      "flake": false,
      "locked": {
        "lastModified": 1753776906,
        "narHash": "sha256-cd1Lue2i4iD3E2FBGW6qwuQVbOHEazTtO8ks8Rhjjn0=",
        "owner": "qutebrowser",
        "repo": "qutebrowser",
        "rev": "0c035c41d8c6678b4652c6640afefdcce360c4f8",
        "type": "github"
      },
      "original": {
        "owner": "qutebrowser",
        "repo": "qutebrowser",
        "type": "github"
      }
    },
    "root": {
      "inputs": {
        "ags": "ags",
        "eglot-booster": "eglot-booster",
        "emacs-overlay": "emacs-overlay",
        "home-manager": "home-manager",
        "kbd-mode": "kbd-mode",
        "modelcontextprotocol-servers": "modelcontextprotocol-servers",
        "nixos-wsl": "nixos-wsl",
        "nixpkgs": "nixpkgs_3",
        "nur": "nur",
        "org-menu": "org-menu",
        "qutebrowser-src": "qutebrowser-src",
        "sops-nix": "sops-nix",
        "transient-compile": "transient-compile",
        "ws-butler": "ws-butler"
      }
    },
    "sops-nix": {
      "inputs": {
        "nixpkgs": [
          "nixpkgs"
        ]
      },
      "locked": {
        "lastModified": 1752544651,
        "narHash": "sha256-GllP7cmQu7zLZTs9z0J2gIL42IZHa9CBEXwBY9szT0U=",
        "owner": "Mic92",
        "repo": "sops-nix",
        "rev": "2c8def626f54708a9c38a5861866660395bb3461",
        "type": "github"
      },
      "original": {
        "owner": "Mic92",
        "repo": "sops-nix",
        "type": "github"
      }
    },
    "transient-compile": {
      "flake": false,
      "locked": {
        "lastModified": 1747462301,
        "narHash": "sha256-cwRsc2J4ZqzgOgS+V4ho3O302eEM7ik/HnMdZoo1Bxk=",
        "owner": "gavv",
        "repo": "transient-compile",
        "rev": "63f97ed087dcdd583fdd92237c85e99b272e73df",
        "type": "github"
      },
      "original": {
        "owner": "gavv",
        "repo": "transient-compile",
        "type": "github"
      }
    },
    "ws-butler": {
      "flake": false,
      "locked": {
        "lastModified": 1749778858,
        "narHash": "sha256-maOhnDkG3GibrbI1EuPRY+Ej4AZJgbFheu6lC72vZ4w=",
        "owner": "lewang",
        "repo": "ws-butler",
        "rev": "67c49cfdf5a5a9f28792c500c8eb0017cfe74a3a",
        "type": "github"
      },
      "original": {
        "owner": "lewang",
        "repo": "ws-butler",
        "type": "github"
      }
    }
  },
  "root": "root",
  "version": 7
}
